
Microsoft Visual Studio Solution File, Format Version 12.00
# Visual Studio Version 17
VisualStudioVersion = 17.0.31903.59
MinimumVisualStudioVersion = 10.0.40219.1
Project("{9A19103F-16F7-4668-BE54-9A1E7A4F7556}") = "_build", "build\_build.csproj", "{506022A4-AD68-43A1-A670-F2798A4091FB}"
EndProject
Project("{2150E333-8FDC-42A3-9474-1A3956D46DE8}") = "Files", "Files", "{4D180A10-CB16-4781-BEB7-EAE2038A0993}"
	ProjectSection(SolutionItems) = preProject
		README.md = README.md
	EndProjectSection
EndProject
Project("{FAE04EC0-301F-11D3-BF4B-00C04F79EFBC}") = "DevContext", "DevContext\DevContext.csproj", "{5477FF7B-BE6D-48EF-9164-E89F658027E0}"
EndProject
Project("{FAE04EC0-301F-11D3-BF4B-00C04F79EFBC}") = "DevContext.Specs", "DevContext.Specs\DevContext.Specs.csproj", "{775114E1-DC36-44A9-9150-79738A95DA00}"
EndProject
Project("{FAE04EC0-301F-11D3-BF4B-00C04F79EFBC}") = "DevContext.ApiVerificationTests", "DevContext.ApiVerificationTests\DevContext.ApiVerificationTests.csproj", "{2556E20E-7408-4E55-BFD1-344535F8D940}"
EndProject
Project("{FAE04EC0-301F-11D3-BF4B-00C04F79EFBC}") = "DevContext.Cli", "DevContext.Cli\DevContext.Cli.csproj", "{F4EEE2AB-F28A-43C7-B01F-F745605F55E0}"
EndProject
Project("{FAE04EC0-301F-11D3-BF4B-00C04F79EFBC}") = "DevContext.Core", "DevContext.Core\DevContext.Core.csproj", "{86C84490-FA24-449F-89A3-0C7A7C8578E2}"
EndProject
Project("{FAE04EC0-301F-11D3-BF4B-00C04F79EFBC}") = "DevContext.Core.Tests", "DevContext.Core.Tests\DevContext.Core.Tests.csproj", "{8AC6A27A-CE96-4778-9042-CDB2F80A9E31}"
EndProject
Global
	GlobalSection(SolutionConfigurationPlatforms) = preSolution
		Debug|Any CPU = Debug|Any CPU
		Debug|x64 = Debug|x64
		Debug|x86 = Debug|x86
		Release|Any CPU = Release|Any CPU
		Release|x64 = Release|x64
		Release|x86 = Release|x86
	EndGlobalSection
	GlobalSection(ProjectConfigurationPlatforms) = postSolution
		{506022A4-AD68-43A1-A670-F2798A4091FB}.Debug|Any CPU.ActiveCfg = Debug|Any CPU
		{506022A4-AD68-43A1-A670-F2798A4091FB}.Debug|x64.ActiveCfg = Debug|Any CPU
		{506022A4-AD68-43A1-A670-F2798A4091FB}.Debug|x64.Build.0 = Debug|Any CPU
		{506022A4-AD68-43A1-A670-F2798A4091FB}.Debug|x86.ActiveCfg = Debug|Any CPU
		{506022A4-AD68-43A1-A670-F2798A4091FB}.Debug|x86.Build.0 = Debug|Any CPU
		{506022A4-AD68-43A1-A670-F2798A4091FB}.Release|Any CPU.ActiveCfg = Release|Any CPU
		{506022A4-AD68-43A1-A670-F2798A4091FB}.Release|x64.ActiveCfg = Release|Any CPU
		{506022A4-AD68-43A1-A670-F2798A4091FB}.Release|x64.Build.0 = Release|Any CPU
		{506022A4-AD68-43A1-A670-F2798A4091FB}.Release|x86.ActiveCfg = Release|Any CPU
		{506022A4-AD68-43A1-A670-F2798A4091FB}.Release|x86.Build.0 = Release|Any CPU
		{5477FF7B-BE6D-48EF-9164-E89F658027E0}.Debug|Any CPU.ActiveCfg = Debug|Any CPU
		{5477FF7B-BE6D-48EF-9164-E89F658027E0}.Debug|Any CPU.Build.0 = Debug|Any CPU
		{5477FF7B-BE6D-48EF-9164-E89F658027E0}.Debug|x64.ActiveCfg = Debug|Any CPU
		{5477FF7B-BE6D-48EF-9164-E89F658027E0}.Debug|x64.Build.0 = Debug|Any CPU
		{5477FF7B-BE6D-48EF-9164-E89F658027E0}.Debug|x86.ActiveCfg = Debug|Any CPU
		{5477FF7B-BE6D-48EF-9164-E89F658027E0}.Debug|x86.Build.0 = Debug|Any CPU
		{5477FF7B-BE6D-48EF-9164-E89F658027E0}.Release|Any CPU.ActiveCfg = Release|Any CPU
		{5477FF7B-BE6D-48EF-9164-E89F658027E0}.Release|Any CPU.Build.0 = Release|Any CPU
		{5477FF7B-BE6D-48EF-9164-E89F658027E0}.Release|x64.ActiveCfg = Release|Any CPU
		{5477FF7B-BE6D-48EF-9164-E89F658027E0}.Release|x64.Build.0 = Release|Any CPU
		{5477FF7B-BE6D-48EF-9164-E89F658027E0}.Release|x86.ActiveCfg = Release|Any CPU
		{5477FF7B-BE6D-48EF-9164-E89F658027E0}.Release|x86.Build.0 = Release|Any CPU
		{775114E1-DC36-44A9-9150-79738A95DA00}.Debug|Any CPU.ActiveCfg = Debug|Any CPU
		{775114E1-DC36-44A9-9150-79738A95DA00}.Debug|Any CPU.Build.0 = Debug|Any CPU
		{775114E1-DC36-44A9-9150-79738A95DA00}.Debug|x64.ActiveCfg = Debug|Any CPU
		{775114E1-DC36-44A9-9150-79738A95DA00}.Debug|x64.Build.0 = Debug|Any CPU
		{775114E1-DC36-44A9-9150-79738A95DA00}.Debug|x86.ActiveCfg = Debug|Any CPU
		{775114E1-DC36-44A9-9150-79738A95DA00}.Debug|x86.Build.0 = Debug|Any CPU
		{775114E1-DC36-44A9-9150-79738A95DA00}.Release|Any CPU.ActiveCfg = Release|Any CPU
		{775114E1-DC36-44A9-9150-79738A95DA00}.Release|Any CPU.Build.0 = Release|Any CPU
		{775114E1-DC36-44A9-9150-79738A95DA00}.Release|x64.ActiveCfg = Release|Any CPU
		{775114E1-DC36-44A9-9150-79738A95DA00}.Release|x64.Build.0 = Release|Any CPU
		{775114E1-DC36-44A9-9150-79738A95DA00}.Release|x86.ActiveCfg = Release|Any CPU
		{775114E1-DC36-44A9-9150-79738A95DA00}.Release|x86.Build.0 = Release|Any CPU
		{2556E20E-7408-4E55-BFD1-344535F8D940}.Debug|Any CPU.ActiveCfg = Debug|Any CPU
		{2556E20E-7408-4E55-BFD1-344535F8D940}.Debug|Any CPU.Build.0 = Debug|Any CPU
		{2556E20E-7408-4E55-BFD1-344535F8D940}.Debug|x64.ActiveCfg = Debug|Any CPU
		{2556E20E-7408-4E55-BFD1-344535F8D940}.Debug|x64.Build.0 = Debug|Any CPU
		{2556E20E-7408-4E55-BFD1-344535F8D940}.Debug|x86.ActiveCfg = Debug|Any CPU
		{2556E20E-7408-4E55-BFD1-344535F8D940}.Debug|x86.Build.0 = Debug|Any CPU
		{2556E20E-7408-4E55-BFD1-344535F8D940}.Release|Any CPU.ActiveCfg = Release|Any CPU
		{2556E20E-7408-4E55-BFD1-344535F8D940}.Release|Any CPU.Build.0 = Release|Any CPU
		{2556E20E-7408-4E55-BFD1-344535F8D940}.Release|x64.ActiveCfg = Release|Any CPU
		{2556E20E-7408-4E55-BFD1-344535F8D940}.Release|x64.Build.0 = Release|Any CPU
		{2556E20E-7408-4E55-BFD1-344535F8D940}.Release|x86.ActiveCfg = Release|Any CPU
		{2556E20E-7408-4E55-BFD1-344535F8D940}.Release|x86.Build.0 = Release|Any CPU
		{F4EEE2AB-F28A-43C7-B01F-F745605F55E0}.Debug|Any CPU.ActiveCfg = Debug|Any CPU
		{F4EEE2AB-F28A-43C7-B01F-F745605F55E0}.Debug|Any CPU.Build.0 = Debug|Any CPU
		{F4EEE2AB-F28A-43C7-B01F-F745605F55E0}.Debug|x64.ActiveCfg = Debug|Any CPU
		{F4EEE2AB-F28A-43C7-B01F-F745605F55E0}.Debug|x64.Build.0 = Debug|Any CPU
		{F4EEE2AB-F28A-43C7-B01F-F745605F55E0}.Debug|x86.ActiveCfg = Debug|Any CPU
		{F4EEE2AB-F28A-43C7-B01F-F745605F55E0}.Debug|x86.Build.0 = Debug|Any CPU
		{F4EEE2AB-F28A-43C7-B01F-F745605F55E0}.Release|Any CPU.ActiveCfg = Release|Any CPU
		{F4EEE2AB-F28A-43C7-B01F-F745605F55E0}.Release|Any CPU.Build.0 = Release|Any CPU
		{F4EEE2AB-F28A-43C7-B01F-F745605F55E0}.Release|x64.ActiveCfg = Release|Any CPU
		{F4EEE2AB-F28A-43C7-B01F-F745605F55E0}.Release|x64.Build.0 = Release|Any CPU
		{F4EEE2AB-F28A-43C7-B01F-F745605F55E0}.Release|x86.ActiveCfg = Release|Any CPU
		{F4EEE2AB-F28A-43C7-B01F-F745605F55E0}.Release|x86.Build.0 = Release|Any CPU
		{86C84490-FA24-449F-89A3-0C7A7C8578E2}.Debug|Any CPU.ActiveCfg = Debug|Any CPU
		{86C84490-FA24-449F-89A3-0C7A7C8578E2}.Debug|Any CPU.Build.0 = Debug|Any CPU
		{86C84490-FA24-449F-89A3-0C7A7C8578E2}.Debug|x64.ActiveCfg = Debug|Any CPU
		{86C84490-FA24-449F-89A3-0C7A7C8578E2}.Debug|x64.Build.0 = Debug|Any CPU
		{86C84490-FA24-449F-89A3-0C7A7C8578E2}.Debug|x86.ActiveCfg = Debug|Any CPU
		{86C84490-FA24-449F-89A3-0C7A7C8578E2}.Debug|x86.Build.0 = Debug|Any CPU
		{86C84490-FA24-449F-89A3-0C7A7C8578E2}.Release|Any CPU.ActiveCfg = Release|Any CPU
		{86C84490-FA24-449F-89A3-0C7A7C8578E2}.Release|Any CPU.Build.0 = Release|Any CPU
		{86C84490-FA24-449F-89A3-0C7A7C8578E2}.Release|x64.ActiveCfg = Release|Any CPU
		{86C84490-FA24-449F-89A3-0C7A7C8578E2}.Release|x64.Build.0 = Release|Any CPU
		{86C84490-FA24-449F-89A3-0C7A7C8578E2}.Release|x86.ActiveCfg = Release|Any CPU
		{86C84490-FA24-449F-89A3-0C7A7C8578E2}.Release|x86.Build.0 = Release|Any CPU
		{8AC6A27A-CE96-4778-9042-CDB2F80A9E31}.Debug|Any CPU.ActiveCfg = Debug|Any CPU
		{8AC6A27A-CE96-4778-9042-CDB2F80A9E31}.Debug|Any CPU.Build.0 = Debug|Any CPU
		{8AC6A27A-CE96-4778-9042-CDB2F80A9E31}.Debug|x64.ActiveCfg = Debug|Any CPU
		{8AC6A27A-CE96-4778-9042-CDB2F80A9E31}.Debug|x64.Build.0 = Debug|Any CPU
		{8AC6A27A-CE96-4778-9042-CDB2F80A9E31}.Debug|x86.ActiveCfg = Debug|Any CPU
		{8AC6A27A-CE96-4778-9042-CDB2F80A9E31}.Debug|x86.Build.0 = Debug|Any CPU
		{8AC6A27A-CE96-4778-9042-CDB2F80A9E31}.Release|Any CPU.ActiveCfg = Release|Any CPU
		{8AC6A27A-CE96-4778-9042-CDB2F80A9E31}.Release|Any CPU.Build.0 = Release|Any CPU
		{8AC6A27A-CE96-4778-9042-CDB2F80A9E31}.Release|x64.ActiveCfg = Release|Any CPU
		{8AC6A27A-CE96-4778-9042-CDB2F80A9E31}.Release|x64.Build.0 = Release|Any CPU
		{8AC6A27A-CE96-4778-9042-CDB2F80A9E31}.Release|x86.ActiveCfg = Release|Any CPU
		{8AC6A27A-CE96-4778-9042-CDB2F80A9E31}.Release|x86.Build.0 = Release|Any CPU
	EndGlobalSection
	GlobalSection(SolutionProperties) = preSolution
		HideSolutionNode = FALSE
	EndGlobalSection
EndGlobal
